<Solution>
  <Folder Name="/Application/">
    <Project Path="Application/MyRestaurant.Application.Contracts/MyRestaurant.Application.Contracts.csproj" />
    <Project Path="Application/MyRestaurant.Application.Query.Contracts/MyRestaurant.Application.Query.Contracts.csproj" />
    <Project Path="Application/MyRestaurant.Application.Query/MyRestaurant.Application.Query.csproj" />
    <Project Path="Application/MyRestaurant.Application/MyRestaurant.Application.csproj" />
  </Folder>
  <Folder Name="/Domain/">
    <Project Path="Domain/MyRestaurant.Domain.Messages/MyRestaurant.Domain.Messages.csproj" Id="59702802-1d0e-4f80-91d9-e691298ce99e" />
    <Project Path="Domain/MyRestaurant.Domain/MyRestaurant.Domain.csproj" />
  </Folder>
  <Folder Name="/Endpoints/">
    <Project Path="Endpoints/MyRestaurant.Endpoint.WebApi/MyRestaurant.Endpoint.WebApi.csproj" />
  </Folder>
  <Folder Name="/Framework/">
    <Project Path="Framework/MyRestaurant.Framework/MyRestaurant.Framework.csproj" Id="c64d232c-5d63-44b4-8938-0a068b7c3d68" />
  </Folder>
  <Folder Name="/Infrastructure/">
    <Project Path="Infrastructrure/MyRestaurant.EF.Read/MyRestaurant.EF.Read.csproj" />
    <Project Path="Infrastructrure/MyRestaurant.EF/MyRestaurant.EF.csproj" />
  </Folder>
</Solution>
